// !$*UTF8*$!
{
	archiveVersion = 1;
	classes = {
	};
	objectVersion = 56;
	objects = {

/* Begin PBXBuildFile section */
		65D961A02A5121090051761B /* Button.swift in Sources */ = {isa = PBXBuildFile; fileRef = 65D9619F2A5121090051761B /* Button.swift */; };
		65D961A42A51226A0051761B /* size.swift in Sources */ = {isa = PBXBuildFile; fileRef = 65D961A32A51226A0051761B /* size.swift */; };
		65D961AA2A5127EE0051761B /* Todos.swift in Sources */ = {isa = PBXBuildFile; fileRef = 65D961A92A5127EE0051761B /* Todos.swift */; };
		65D961AC2A5128610051761B /* NoAuth.swift in Sources */ = {isa = PBXBuildFile; fileRef = 65D961AB2A5128610051761B /* NoAuth.swift */; };
		65D961AE2A5128920051761B /* SigninNavButton.swift in Sources */ = {isa = PBXBuildFile; fileRef = 65D961AD2A5128920051761B /* SigninNavButton.swift */; };
		65D961B02A5128A80051761B /* SignupNavButton.swift in Sources */ = {isa = PBXBuildFile; fileRef = 65D961AF2A5128A80051761B /* SignupNavButton.swift */; };
		65EC30D52A48CEDB00C73A3E /* swift_todoApp.swift in Sources */ = {isa = PBXBuildFile; fileRef = 65EC30D42A48CEDB00C73A3E /* swift_todoApp.swift */; };
		65EC30D72A48CEDB00C73A3E /* ContentView.swift in Sources */ = {isa = PBXBuildFile; fileRef = 65EC30D62A48CEDB00C73A3E /* ContentView.swift */; };
		65EC30D92A48CEDC00C73A3E /* Assets.xcassets in Resources */ = {isa = PBXBuildFile; fileRef = 65EC30D82A48CEDC00C73A3E /* Assets.xcassets */; };
		65EC30DD2A48CEDC00C73A3E /* Preview Assets.xcassets in Resources */ = {isa = PBXBuildFile; fileRef = 65EC30DC2A48CEDC00C73A3E /* Preview Assets.xcassets */; };
		65EC30E72A48CEDC00C73A3E /* swift_todoTests.swift in Sources */ = {isa = PBXBuildFile; fileRef = 65EC30E62A48CEDC00C73A3E /* swift_todoTests.swift */; };
		65EC30F12A48CEDC00C73A3E /* swift_todoUITests.swift in Sources */ = {isa = PBXBuildFile; fileRef = 65EC30F02A48CEDC00C73A3E /* swift_todoUITests.swift */; };
		65EC30F32A48CEDC00C73A3E /* swift_todoUITestsLaunchTests.swift in Sources */ = {isa = PBXBuildFile; fileRef = 65EC30F22A48CEDC00C73A3E /* swift_todoUITestsLaunchTests.swift */; };
/* End PBXBuildFile section */

/* Begin PBXContainerItemProxy section */
		65EC30E32A48CEDC00C73A3E /* PBXContainerItemProxy */ = {
			isa = PBXContainerItemProxy;
			containerPortal = 65EC30C92A48CEDB00C73A3E /* Project object */;
			proxyType = 1;
			remoteGlobalIDString = 65EC30D02A48CEDB00C73A3E;
			remoteInfo = "swift-todo";
		};
		65EC30ED2A48CEDC00C73A3E /* PBXContainerItemProxy */ = {
			isa = PBXContainerItemProxy;
			containerPortal = 65EC30C92A48CEDB00C73A3E /* Project object */;
			proxyType = 1;
			remoteGlobalIDString = 65EC30D02A48CEDB00C73A3E;
			remoteInfo = "swift-todo";
		};
/* End PBXContainerItemProxy section */

/* Begin PBXFileReference section */
		65D9619F2A5121090051761B /* Button.swift */ = {isa = PBXFileReference; lastKnownFileType = sourcecode.swift; path = Button.swift; sourceTree = "<group>"; };
		65D961A32A51226A0051761B /* size.swift */ = {isa = PBXFileReference; lastKnownFileType = sourcecode.swift; path = size.swift; sourceTree = "<group>"; };
		65D961A92A5127EE0051761B /* Todos.swift */ = {isa = PBXFileReference; lastKnownFileType = sourcecode.swift; path = Todos.swift; sourceTree = "<group>"; };
		65D961AB2A5128610051761B /* NoAuth.swift */ = {isa = PBXFileReference; lastKnownFileType = sourcecode.swift; path = NoAuth.swift; sourceTree = "<group>"; };
		65D961AD2A5128920051761B /* SigninNavButton.swift */ = {isa = PBXFileReference; lastKnownFileType = sourcecode.swift; path = SigninNavButton.swift; sourceTree = "<group>"; };
		65D961AF2A5128A80051761B /* SignupNavButton.swift */ = {isa = PBXFileReference; lastKnownFileType = sourcecode.swift; path = SignupNavButton.swift; sourceTree = "<group>"; };
		65EC30D12A48CEDB00C73A3E /* swift-todo.app */ = {isa = PBXFileReference; explicitFileType = wrapper.application; includeInIndex = 0; path = "swift-todo.app"; sourceTree = BUILT_PRODUCTS_DIR; };
		65EC30D42A48CEDB00C73A3E /* swift_todoApp.swift */ = {isa = PBXFileReference; lastKnownFileType = sourcecode.swift; path = swift_todoApp.swift; sourceTree = "<group>"; };
		65EC30D62A48CEDB00C73A3E /* ContentView.swift */ = {isa = PBXFileReference; lastKnownFileType = sourcecode.swift; path = ContentView.swift; sourceTree = "<group>"; };
		65EC30D82A48CEDC00C73A3E /* Assets.xcassets */ = {isa = PBXFileReference; lastKnownFileType = folder.assetcatalog; path = Assets.xcassets; sourceTree = "<group>"; };
		65EC30DA2A48CEDC00C73A3E /* swift_todo.entitlements */ = {isa = PBXFileReference; lastKnownFileType = text.plist.entitlements; path = swift_todo.entitlements; sourceTree = "<group>"; };
		65EC30DC2A48CEDC00C73A3E /* Preview Assets.xcassets */ = {isa = PBXFileReference; lastKnownFileType = folder.assetcatalog; path = "Preview Assets.xcassets"; sourceTree = "<group>"; };
		65EC30E22A48CEDC00C73A3E /* swift-todoTests.xctest */ = {isa = PBXFileReference; explicitFileType = wrapper.cfbundle; includeInIndex = 0; path = "swift-todoTests.xctest"; sourceTree = BUILT_PRODUCTS_DIR; };
		65EC30E62A48CEDC00C73A3E /* swift_todoTests.swift */ = {isa = PBXFileReference; lastKnownFileType = sourcecode.swift; path = swift_todoTests.swift; sourceTree = "<group>"; };
		65EC30EC2A48CEDC00C73A3E /* swift-todoUITests.xctest */ = {isa = PBXFileReference; explicitFileType = wrapper.cfbundle; includeInIndex = 0; path = "swift-todoUITests.xctest"; sourceTree = BUILT_PRODUCTS_DIR; };
		65EC30F02A48CEDC00C73A3E /* swift_todoUITests.swift */ = {isa = PBXFileReference; lastKnownFileType = sourcecode.swift; path = swift_todoUITests.swift; sourceTree = "<group>"; };
		65EC30F22A48CEDC00C73A3E /* swift_todoUITestsLaunchTests.swift */ = {isa = PBXFileReference; lastKnownFileType = sourcecode.swift; path = swift_todoUITestsLaunchTests.swift; sourceTree = "<group>"; };
/* End PBXFileReference section */

/* Begin PBXFrameworksBuildPhase section */
		65EC30CE2A48CEDB00C73A3E /* Frameworks */ = {
			isa = PBXFrameworksBuildPhase;
			buildActionMask = 2147483647;
			files = (
			);
			runOnlyForDeploymentPostprocessing = 0;
		};
		65EC30DF2A48CEDC00C73A3E /* Frameworks */ = {
			isa = PBXFrameworksBuildPhase;
			buildActionMask = 2147483647;
			files = (
			);
			runOnlyForDeploymentPostprocessing = 0;
		};
		65EC30E92A48CEDC00C73A3E /* Frameworks */ = {
			isa = PBXFrameworksBuildPhase;
			buildActionMask = 2147483647;
			files = (
			);
			runOnlyForDeploymentPostprocessing = 0;
		};
/* End PBXFrameworksBuildPhase section */

/* Begin PBXGroup section */
		65D961992A5120240051761B /* modules */ = {
			isa = PBXGroup;
			children = (
				65D9619B2A5120560051761B /* common */,
				65D9619D2A5120690051761B /* signin */,
				65D9619C2A5120600051761B /* signup */,
				65D9619E2A5120700051761B /* todo */,
			);
			path = modules;
			sourceTree = "<group>";
		};
		65D9619A2A5120450051761B /* navigation */ = {
			isa = PBXGroup;
			children = (
			);
			path = navigation;
			sourceTree = "<group>";
		};
		65D9619B2A5120560051761B /* common */ = {
			isa = PBXGroup;
			children = (
				65D961A22A51225B0051761B /* utils */,
				65D961A12A5122450051761B /* widgets */,
			);
			path = common;
			sourceTree = "<group>";
		};
		65D9619C2A5120600051761B /* signup */ = {
			isa = PBXGroup;
			children = (
			);
			path = signup;
			sourceTree = "<group>";
		};
		65D9619D2A5120690051761B /* signin */ = {
			isa = PBXGroup;
			children = (
			);
			path = signin;
			sourceTree = "<group>";
		};
		65D9619E2A5120700051761B /* todo */ = {
			isa = PBXGroup;
			children = (
				65D961A52A5127080051761B /* ui */,
			);
			path = todo;
			sourceTree = "<group>";
		};
		65D961A12A5122450051761B /* widgets */ = {
			isa = PBXGroup;
			children = (
				65D9619F2A5121090051761B /* Button.swift */,
			);
			path = widgets;
			sourceTree = "<group>";
		};
		65D961A22A51225B0051761B /* utils */ = {
			isa = PBXGroup;
			children = (
				65D961A32A51226A0051761B /* size.swift */,
			);
			path = utils;
			sourceTree = "<group>";
		};
		65D961A52A5127080051761B /* ui */ = {
			isa = PBXGroup;
			children = (
				65D961A62A51270F0051761B /* atoms */,
				65D961A72A5127150051761B /* blocks */,
				65D961A82A51271B0051761B /* views */,
			);
			path = ui;
			sourceTree = "<group>";
		};
		65D961A62A51270F0051761B /* atoms */ = {
			isa = PBXGroup;
			children = (
				65D961AD2A5128920051761B /* SigninNavButton.swift */,
				65D961AF2A5128A80051761B /* SignupNavButton.swift */,
			);
			path = atoms;
			sourceTree = "<group>";
		};
		65D961A72A5127150051761B /* blocks */ = {
			isa = PBXGroup;
			children = (
				65D961AB2A5128610051761B /* NoAuth.swift */,
			);
			path = blocks;
			sourceTree = "<group>";
		};
		65D961A82A51271B0051761B /* views */ = {
			isa = PBXGroup;
			children = (
				65D961A92A5127EE0051761B /* Todos.swift */,
			);
			path = views;
			sourceTree = "<group>";
		};
		65EC30C82A48CEDB00C73A3E = {
			isa = PBXGroup;
			children = (
				65EC30D32A48CEDB00C73A3E /* swift-todo */,
				65EC30E52A48CEDC00C73A3E /* swift-todoTests */,
				65EC30EF2A48CEDC00C73A3E /* swift-todoUITests */,
				65EC30D22A48CEDB00C73A3E /* Products */,
			);
			sourceTree = "<group>";
		};
		65EC30D22A48CEDB00C73A3E /* Products */ = {
			isa = PBXGroup;
			children = (
				65EC30D12A48CEDB00C73A3E /* swift-todo.app */,
				65EC30E22A48CEDC00C73A3E /* swift-todoTests.xctest */,
				65EC30EC2A48CEDC00C73A3E /* swift-todoUITests.xctest */,
			);
			name = Products;
			sourceTree = "<group>";
		};
		65EC30D32A48CEDB00C73A3E /* swift-todo */ = {
			isa = PBXGroup;
			children = (
				65D9619A2A5120450051761B /* navigation */,
				65D961992A5120240051761B /* modules */,
				65EC30D42A48CEDB00C73A3E /* swift_todoApp.swift */,
				65EC30D62A48CEDB00C73A3E /* ContentView.swift */,
				65EC30D82A48CEDC00C73A3E /* Assets.xcassets */,
				65EC30DA2A48CEDC00C73A3E /* swift_todo.entitlements */,
				65EC30DB2A48CEDC00C73A3E /* Preview Content */,
			);
			path = "swift-todo";
			sourceTree = "<group>";
		};
		65EC30DB2A48CEDC00C73A3E /* Preview Content */ = {
			isa = PBXGroup;
			children = (
				65EC30DC2A48CEDC00C73A3E /* Preview Assets.xcassets */,
			);
			path = "Preview Content";
			sourceTree = "<group>";
		};
		65EC30E52A48CEDC00C73A3E /* swift-todoTests */ = {
			isa = PBXGroup;
			children = (
				65EC30E62A48CEDC00C73A3E /* swift_todoTests.swift */,
			);
			path = "swift-todoTests";
			sourceTree = "<group>";
		};
		65EC30EF2A48CEDC00C73A3E /* swift-todoUITests */ = {
			isa = PBXGroup;
			children = (
				65EC30F02A48CEDC00C73A3E /* swift_todoUITests.swift */,
				65EC30F22A48CEDC00C73A3E /* swift_todoUITestsLaunchTests.swift */,
			);
			path = "swift-todoUITests";
			sourceTree = "<group>";
		};
/* End PBXGroup section */

/* Begin PBXNativeTarget section */
		65EC30D02A48CEDB00C73A3E /* swift-todo */ = {
			isa = PBXNativeTarget;
			buildConfigurationList = 65EC30F62A48CEDC00C73A3E /* Build configuration list for PBXNativeTarget "swift-todo" */;
			buildPhases = (
				65EC30CD2A48CEDB00C73A3E /* Sources */,
				65EC30CE2A48CEDB00C73A3E /* Frameworks */,
				65EC30CF2A48CEDB00C73A3E /* Resources */,
			);
			buildRules = (
			);
			dependencies = (
			);
			name = "swift-todo";
			productName = "swift-todo";
			productReference = 65EC30D12A48CEDB00C73A3E /* swift-todo.app */;
			productType = "com.apple.product-type.application";
		};
		65EC30E12A48CEDC00C73A3E /* swift-todoTests */ = {
			isa = PBXNativeTarget;
			buildConfigurationList = 65EC30F92A48CEDC00C73A3E /* Build configuration list for PBXNativeTarget "swift-todoTests" */;
			buildPhases = (
				65EC30DE2A48CEDC00C73A3E /* Sources */,
				65EC30DF2A48CEDC00C73A3E /* Frameworks */,
				65EC30E02A48CEDC00C73A3E /* Resources */,
			);
			buildRules = (
			);
			dependencies = (
				65EC30E42A48CEDC00C73A3E /* PBXTargetDependency */,
			);
			name = "swift-todoTests";
			productName = "swift-todoTests";
			productReference = 65EC30E22A48CEDC00C73A3E /* swift-todoTests.xctest */;
			productType = "com.apple.product-type.bundle.unit-test";
		};
		65EC30EB2A48CEDC00C73A3E /* swift-todoUITests */ = {
			isa = PBXNativeTarget;
			buildConfigurationList = 65EC30FC2A48CEDC00C73A3E /* Build configuration list for PBXNativeTarget "swift-todoUITests" */;
			buildPhases = (
				65EC30E82A48CEDC00C73A3E /* Sources */,
				65EC30E92A48CEDC00C73A3E /* Frameworks */,
				65EC30EA2A48CEDC00C73A3E /* Resources */,
			);
			buildRules = (
			);
			dependencies = (
				65EC30EE2A48CEDC00C73A3E /* PBXTargetDependency */,
			);
			name = "swift-todoUITests";
			productName = "swift-todoUITests";
			productReference = 65EC30EC2A48CEDC00C73A3E /* swift-todoUITests.xctest */;
			productType = "com.apple.product-type.bundle.ui-testing";
		};
/* End PBXNativeTarget section */

/* Begin PBXProject section */
		65EC30C92A48CEDB00C73A3E /* Project object */ = {
			isa = PBXProject;
			attributes = {
				BuildIndependentTargetsInParallel = 1;
				LastSwiftUpdateCheck = 1430;
				LastUpgradeCheck = 1430;
				TargetAttributes = {
					65EC30D02A48CEDB00C73A3E = {
						CreatedOnToolsVersion = 14.3;
					};
					65EC30E12A48CEDC00C73A3E = {
						CreatedOnToolsVersion = 14.3;
						TestTargetID = 65EC30D02A48CEDB00C73A3E;
					};
					65EC30EB2A48CEDC00C73A3E = {
						CreatedOnToolsVersion = 14.3;
						TestTargetID = 65EC30D02A48CEDB00C73A3E;
					};
				};
			};
			buildConfigurationList = 65EC30CC2A48CEDB00C73A3E /* Build configuration list for PBXProject "swift-todo" */;
			compatibilityVersion = "Xcode 14.0";
			developmentRegion = en;
			hasScannedForEncodings = 0;
			knownRegions = (
				en,
				Base,
			);
			mainGroup = 65EC30C82A48CEDB00C73A3E;
			productRefGroup = 65EC30D22A48CEDB00C73A3E /* Products */;
			projectDirPath = "";
			projectRoot = "";
			targets = (
				65EC30D02A48CEDB00C73A3E /* swift-todo */,
				65EC30E12A48CEDC00C73A3E /* swift-todoTests */,
				65EC30EB2A48CEDC00C73A3E /* swift-todoUITests */,
			);
		};
/* End PBXProject section */

/* Begin PBXResourcesBuildPhase section */
		65EC30CF2A48CEDB00C73A3E /* Resources */ = {
			isa = PBXResourcesBuildPhase;
			buildActionMask = 2147483647;
			files = (
				65EC30DD2A48CEDC00C73A3E /* Preview Assets.xcassets in Resources */,
				65EC30D92A48CEDC00C73A3E /* Assets.xcassets in Resources */,
			);
			runOnlyForDeploymentPostprocessing = 0;
		};
		65EC30E02A48CEDC00C73A3E /* Resources */ = {
			isa = PBXResourcesBuildPhase;
			buildActionMask = 2147483647;
			files = (
			);
			runOnlyForDeploymentPostprocessing = 0;
		};
		65EC30EA2A48CEDC00C73A3E /* Resources */ = {
			isa = PBXResourcesBuildPhase;
			buildActionMask = 2147483647;
			files = (
			);
			runOnlyForDeploymentPostprocessing = 0;
		};
/* End PBXResourcesBuildPhase section */

/* Begin PBXSourcesBuildPhase section */
		65EC30CD2A48CEDB00C73A3E /* Sources */ = {
			isa = PBXSourcesBuildPhase;
			buildActionMask = 2147483647;
			files = (
				65D961AC2A5128610051761B /* NoAuth.swift in Sources */,
				65D961A42A51226A0051761B /* size.swift in Sources */,
				65EC30D72A48CEDB00C73A3E /* ContentView.swift in Sources */,
				65D961A02A5121090051761B /* Button.swift in Sources */,
				65D961AE2A5128920051761B /* SigninNavButton.swift in Sources */,
				65D961AA2A5127EE0051761B /* Todos.swift in Sources */,
				65EC30D52A48CEDB00C73A3E /* swift_todoApp.swift in Sources */,
				65D961B02A5128A80051761B /* SignupNavButton.swift in Sources */,
			);
			runOnlyForDeploymentPostprocessing = 0;
		};
		65EC30DE2A48CEDC00C73A3E /* Sources */ = {
			isa = PBXSourcesBuildPhase;
			buildActionMask = 2147483647;
			files = (
				65EC30E72A48CEDC00C73A3E /* swift_todoTests.swift in Sources */,
			);
			runOnlyForDeploymentPostprocessing = 0;
		};
		65EC30E82A48CEDC00C73A3E /* Sources */ = {
			isa = PBXSourcesBuildPhase;
			buildActionMask = 2147483647;
			files = (
				65EC30F32A48CEDC00C73A3E /* swift_todoUITestsLaunchTests.swift in Sources */,
				65EC30F12A48CEDC00C73A3E /* swift_todoUITests.swift in Sources */,
			);
			runOnlyForDeploymentPostprocessing = 0;
		};
/* End PBXSourcesBuildPhase section */

/* Begin PBXTargetDependency section */
		65EC30E42A48CEDC00C73A3E /* PBXTargetDependency */ = {
			isa = PBXTargetDependency;
			target = 65EC30D02A48CEDB00C73A3E /* swift-todo */;
			targetProxy = 65EC30E32A48CEDC00C73A3E /* PBXContainerItemProxy */;
		};
		65EC30EE2A48CEDC00C73A3E /* PBXTargetDependency */ = {
			isa = PBXTargetDependency;
			target = 65EC30D02A48CEDB00C73A3E /* swift-todo */;
			targetProxy = 65EC30ED2A48CEDC00C73A3E /* PBXContainerItemProxy */;
		};
/* End PBXTargetDependency section */

/* Begin XCBuildConfiguration section */
		65EC30F42A48CEDC00C73A3E /* Debug */ = {
			isa = XCBuildConfiguration;
			buildSettings = {
				ALWAYS_SEARCH_USER_PATHS = NO;
				CLANG_ANALYZER_NONNULL = YES;
				CLANG_ANALYZER_NUMBER_OBJECT_CONVERSION = YES_AGGRESSIVE;
				CLANG_CXX_LANGUAGE_STANDARD = "gnu++20";
				CLANG_ENABLE_MODULES = YES;
				CLANG_ENABLE_OBJC_ARC = YES;
				CLANG_ENABLE_OBJC_WEAK = YES;
				CLANG_WARN_BLOCK_CAPTURE_AUTORELEASING = YES;
				CLANG_WARN_BOOL_CONVERSION = YES;
				CLANG_WARN_COMMA = YES;
				CLANG_WARN_CONSTANT_CONVERSION = YES;
				CLANG_WARN_DEPRECATED_OBJC_IMPLEMENTATIONS = YES;
				CLANG_WARN_DIRECT_OBJC_ISA_USAGE = YES_ERROR;
				CLANG_WARN_DOCUMENTATION_COMMENTS = YES;
				CLANG_WARN_EMPTY_BODY = YES;
				CLANG_WARN_ENUM_CONVERSION = YES;
				CLANG_WARN_INFINITE_RECURSION = YES;
				CLANG_WARN_INT_CONVERSION = YES;
				CLANG_WARN_NON_LITERAL_NULL_CONVERSION = YES;
				CLANG_WARN_OBJC_IMPLICIT_RETAIN_SELF = YES;
				CLANG_WARN_OBJC_LITERAL_CONVERSION = YES;
				CLANG_WARN_OBJC_ROOT_CLASS = YES_ERROR;
				CLANG_WARN_QUOTED_INCLUDE_IN_FRAMEWORK_HEADER = YES;
				CLANG_WARN_RANGE_LOOP_ANALYSIS = YES;
				CLANG_WARN_STRICT_PROTOTYPES = YES;
				CLANG_WARN_SUSPICIOUS_MOVE = YES;
				CLANG_WARN_UNGUARDED_AVAILABILITY = YES_AGGRESSIVE;
				CLANG_WARN_UNREACHABLE_CODE = YES;
				CLANG_WARN__DUPLICATE_METHOD_MATCH = YES;
				COPY_PHASE_STRIP = NO;
				DEBUG_INFORMATION_FORMAT = dwarf;
				ENABLE_STRICT_OBJC_MSGSEND = YES;
				ENABLE_TESTABILITY = YES;
				GCC_C_LANGUAGE_STANDARD = gnu11;
				GCC_DYNAMIC_NO_PIC = NO;
				GCC_NO_COMMON_BLOCKS = YES;
				GCC_OPTIMIZATION_LEVEL = 0;
				GCC_PREPROCESSOR_DEFINITIONS = (
					"DEBUG=1",
					"$(inherited)",
				);
				GCC_WARN_64_TO_32_BIT_CONVERSION = YES;
				GCC_WARN_ABOUT_RETURN_TYPE = YES_ERROR;
				GCC_WARN_UNDECLARED_SELECTOR = YES;
				GCC_WARN_UNINITIALIZED_AUTOS = YES_AGGRESSIVE;
				GCC_WARN_UNUSED_FUNCTION = YES;
				GCC_WARN_UNUSED_VARIABLE = YES;
				MTL_ENABLE_DEBUG_INFO = INCLUDE_SOURCE;
				MTL_FAST_MATH = YES;
				ONLY_ACTIVE_ARCH = YES;
				SWIFT_ACTIVE_COMPILATION_CONDITIONS = DEBUG;
				SWIFT_OPTIMIZATION_LEVEL = "-Onone";
			};
			name = Debug;
		};
		65EC30F52A48CEDC00C73A3E /* Release */ = {
			isa = XCBuildConfiguration;
			buildSettings = {
				ALWAYS_SEARCH_USER_PATHS = NO;
				CLANG_ANALYZER_NONNULL = YES;
				CLANG_ANALYZER_NUMBER_OBJECT_CONVERSION = YES_AGGRESSIVE;
				CLANG_CXX_LANGUAGE_STANDARD = "gnu++20";
				CLANG_ENABLE_MODULES = YES;
				CLANG_ENABLE_OBJC_ARC = YES;
				CLANG_ENABLE_OBJC_WEAK = YES;
				CLANG_WARN_BLOCK_CAPTURE_AUTORELEASING = YES;
				CLANG_WARN_BOOL_CONVERSION = YES;
				CLANG_WARN_COMMA = YES;
				CLANG_WARN_CONSTANT_CONVERSION = YES;
				CLANG_WARN_DEPRECATED_OBJC_IMPLEMENTATIONS = YES;
				CLANG_WARN_DIRECT_OBJC_ISA_USAGE = YES_ERROR;
				CLANG_WARN_DOCUMENTATION_COMMENTS = YES;
				CLANG_WARN_EMPTY_BODY = YES;
				CLANG_WARN_ENUM_CONVERSION = YES;
				CLANG_WARN_INFINITE_RECURSION = YES;
				CLANG_WARN_INT_CONVERSION = YES;
				CLANG_WARN_NON_LITERAL_NULL_CONVERSION = YES;
				CLANG_WARN_OBJC_IMPLICIT_RETAIN_SELF = YES;
				CLANG_WARN_OBJC_LITERAL_CONVERSION = YES;
				CLANG_WARN_OBJC_ROOT_CLASS = YES_ERROR;
				CLANG_WARN_QUOTED_INCLUDE_IN_FRAMEWORK_HEADER = YES;
				CLANG_WARN_RANGE_LOOP_ANALYSIS = YES;
				CLANG_WARN_STRICT_PROTOTYPES = YES;
				CLANG_WARN_SUSPICIOUS_MOVE = YES;
				CLANG_WARN_UNGUARDED_AVAILABILITY = YES_AGGRESSIVE;
				CLANG_WARN_UNREACHABLE_CODE = YES;
				CLANG_WARN__DUPLICATE_METHOD_MATCH = YES;
				COPY_PHASE_STRIP = NO;
				DEBUG_INFORMATION_FORMAT = "dwarf-with-dsym";
				ENABLE_NS_ASSERTIONS = NO;
				ENABLE_STRICT_OBJC_MSGSEND = YES;
				GCC_C_LANGUAGE_STANDARD = gnu11;
				GCC_NO_COMMON_BLOCKS = YES;
				GCC_WARN_64_TO_32_BIT_CONVERSION = YES;
				GCC_WARN_ABOUT_RETURN_TYPE = YES_ERROR;
				GCC_WARN_UNDECLARED_SELECTOR = YES;
				GCC_WARN_UNINITIALIZED_AUTOS = YES_AGGRESSIVE;
				GCC_WARN_UNUSED_FUNCTION = YES;
				GCC_WARN_UNUSED_VARIABLE = YES;
				MTL_ENABLE_DEBUG_INFO = NO;
				MTL_FAST_MATH = YES;
				SWIFT_COMPILATION_MODE = wholemodule;
				SWIFT_OPTIMIZATION_LEVEL = "-O";
			};
			name = Release;
		};
		65EC30F72A48CEDC00C73A3E /* Debug */ = {
			isa = XCBuildConfiguration;
			buildSettings = {
				ASSETCATALOG_COMPILER_APPICON_NAME = AppIcon;
				ASSETCATALOG_COMPILER_GLOBAL_ACCENT_COLOR_NAME = AccentColor;
				CODE_SIGN_ENTITLEMENTS = "swift-todo/swift_todo.entitlements";
				CODE_SIGN_STYLE = Automatic;
				CURRENT_PROJECT_VERSION = 1;
				DEVELOPMENT_ASSET_PATHS = "\"swift-todo/Preview Content\"";
				ENABLE_PREVIEWS = YES;
				GENERATE_INFOPLIST_FILE = YES;
				"INFOPLIST_KEY_UIApplicationSceneManifest_Generation[sdk=iphoneos*]" = YES;
				"INFOPLIST_KEY_UIApplicationSceneManifest_Generation[sdk=iphonesimulator*]" = YES;
				"INFOPLIST_KEY_UIApplicationSupportsIndirectInputEvents[sdk=iphoneos*]" = YES;
				"INFOPLIST_KEY_UIApplicationSupportsIndirectInputEvents[sdk=iphonesimulator*]" = YES;
				"INFOPLIST_KEY_UILaunchScreen_Generation[sdk=iphoneos*]" = YES;
				"INFOPLIST_KEY_UILaunchScreen_Generation[sdk=iphonesimulator*]" = YES;
				"INFOPLIST_KEY_UIStatusBarStyle[sdk=iphoneos*]" = UIStatusBarStyleDefault;
				"INFOPLIST_KEY_UIStatusBarStyle[sdk=iphonesimulator*]" = UIStatusBarStyleDefault;
				INFOPLIST_KEY_UISupportedInterfaceOrientations_iPad = "UIInterfaceOrientationPortrait UIInterfaceOrientationPortraitUpsideDown UIInterfaceOrientationLandscapeLeft UIInterfaceOrientationLandscapeRight";
				INFOPLIST_KEY_UISupportedInterfaceOrientations_iPhone = "UIInterfaceOrientationPortrait UIInterfaceOrientationLandscapeLeft UIInterfaceOrientationLandscapeRight";
				IPHONEOS_DEPLOYMENT_TARGET = 16.4;
				LD_RUNPATH_SEARCH_PATHS = "@executable_path/Frameworks";
				"LD_RUNPATH_SEARCH_PATHS[sdk=macosx*]" = "@executable_path/../Frameworks";
				MACOSX_DEPLOYMENT_TARGET = 13.3;
				MARKETING_VERSION = 1.0;
				PRODUCT_BUNDLE_IDENTIFIER = "knsn.swift-todo";
				PRODUCT_NAME = "$(TARGET_NAME)";
				SDKROOT = auto;
				SUPPORTED_PLATFORMS = "iphoneos iphonesimulator macosx";
				SWIFT_EMIT_LOC_STRINGS = YES;
				SWIFT_VERSION = 5.0;
				TARGETED_DEVICE_FAMILY = "1,2";
			};
			name = Debug;
		};
		65EC30F82A48CEDC00C73A3E /* Release */ = {
			isa = XCBuildConfiguration;
			buildSettings = {
				ASSETCATALOG_COMPILER_APPICON_NAME = AppIcon;
				ASSETCATALOG_COMPILER_GLOBAL_ACCENT_COLOR_NAME = AccentColor;
				CODE_SIGN_ENTITLEMENTS = "swift-todo/swift_todo.entitlements";
				CODE_SIGN_STYLE = Automatic;
				CURRENT_PROJECT_VERSION = 1;
				DEVELOPMENT_ASSET_PATHS = "\"swift-todo/Preview Content\"";
				ENABLE_PREVIEWS = YES;
				GENERATE_INFOPLIST_FILE = YES;
				"INFOPLIST_KEY_UIApplicationSceneManifest_Generation[sdk=iphoneos*]" = YES;
				"INFOPLIST_KEY_UIApplicationSceneManifest_Generation[sdk=iphonesimulator*]" = YES;
				"INFOPLIST_KEY_UIApplicationSupportsIndirectInputEvents[sdk=iphoneos*]" = YES;
				"INFOPLIST_KEY_UIApplicationSupportsIndirectInputEvents[sdk=iphonesimulator*]" = YES;
				"INFOPLIST_KEY_UILaunchScreen_Generation[sdk=iphoneos*]" = YES;
				"INFOPLIST_KEY_UILaunchScreen_Generation[sdk=iphonesimulator*]" = YES;
				"INFOPLIST_KEY_UIStatusBarStyle[sdk=iphoneos*]" = UIStatusBarStyleDefault;
				"INFOPLIST_KEY_UIStatusBarStyle[sdk=iphonesimulator*]" = UIStatusBarStyleDefault;
				INFOPLIST_KEY_UISupportedInterfaceOrientations_iPad = "UIInterfaceOrientationPortrait UIInterfaceOrientationPortraitUpsideDown UIInterfaceOrientationLandscapeLeft UIInterfaceOrientationLandscapeRight";
				INFOPLIST_KEY_UISupportedInterfaceOrientations_iPhone = "UIInterfaceOrientationPortrait UIInterfaceOrientationLandscapeLeft UIInterfaceOrientationLandscapeRight";
				IPHONEOS_DEPLOYMENT_TARGET = 16.4;
				LD_RUNPATH_SEARCH_PATHS = "@executable_path/Frameworks";
				"LD_RUNPATH_SEARCH_PATHS[sdk=macosx*]" = "@executable_path/../Frameworks";
				MACOSX_DEPLOYMENT_TARGET = 13.3;
				MARKETING_VERSION = 1.0;
				PRODUCT_BUNDLE_IDENTIFIER = "knsn.swift-todo";
				PRODUCT_NAME = "$(TARGET_NAME)";
				SDKROOT = auto;
				SUPPORTED_PLATFORMS = "iphoneos iphonesimulator macosx";
				SWIFT_EMIT_LOC_STRINGS = YES;
				SWIFT_VERSION = 5.0;
				TARGETED_DEVICE_FAMILY = "1,2";
			};
			name = Release;
		};
		65EC30FA2A48CEDC00C73A3E /* Debug */ = {
			isa = XCBuildConfiguration;
			buildSettings = {
				ALWAYS_EMBED_SWIFT_STANDARD_LIBRARIES = YES;
				BUNDLE_LOADER = "$(TEST_HOST)";
				CODE_SIGN_STYLE = Automatic;
				CURRENT_PROJECT_VERSION = 1;
				GENERATE_INFOPLIST_FILE = YES;
				IPHONEOS_DEPLOYMENT_TARGET = 16.4;
				MACOSX_DEPLOYMENT_TARGET = 13.3;
				MARKETING_VERSION = 1.0;
				PRODUCT_BUNDLE_IDENTIFIER = "knsn.swift-todoTests";
				PRODUCT_NAME = "$(TARGET_NAME)";
				SDKROOT = auto;
				SUPPORTED_PLATFORMS = "iphoneos iphonesimulator macosx";
				SWIFT_EMIT_LOC_STRINGS = NO;
				SWIFT_VERSION = 5.0;
				TARGETED_DEVICE_FAMILY = "1,2";
				TEST_HOST = "$(BUILT_PRODUCTS_DIR)/swift-todo.app/$(BUNDLE_EXECUTABLE_FOLDER_PATH)/swift-todo";
			};
			name = Debug;
		};
		65EC30FB2A48CEDC00C73A3E /* Release */ = {
			isa = XCBuildConfiguration;
			buildSettings = {
				ALWAYS_EMBED_SWIFT_STANDARD_LIBRARIES = YES;
				BUNDLE_LOADER = "$(TEST_HOST)";
				CODE_SIGN_STYLE = Automatic;
				CURRENT_PROJECT_VERSION = 1;
				GENERATE_INFOPLIST_FILE = YES;
				IPHONEOS_DEPLOYMENT_TARGET = 16.4;
				MACOSX_DEPLOYMENT_TARGET = 13.3;
				MARKETING_VERSION = 1.0;
				PRODUCT_BUNDLE_IDENTIFIER = "knsn.swift-todoTests";
				PRODUCT_NAME = "$(TARGET_NAME)";
				SDKROOT = auto;
				SUPPORTED_PLATFORMS = "iphoneos iphonesimulator macosx";
				SWIFT_EMIT_LOC_STRINGS = NO;
				SWIFT_VERSION = 5.0;
				TARGETED_DEVICE_FAMILY = "1,2";
				TEST_HOST = "$(BUILT_PRODUCTS_DIR)/swift-todo.app/$(BUNDLE_EXECUTABLE_FOLDER_PATH)/swift-todo";
			};
			name = Release;
		};
		65EC30FD2A48CEDC00C73A3E /* Debug */ = {
			isa = XCBuildConfiguration;
			buildSettings = {
				ALWAYS_EMBED_SWIFT_STANDARD_LIBRARIES = YES;
				CODE_SIGN_STYLE = Automatic;
				CURRENT_PROJECT_VERSION = 1;
				GENERATE_INFOPLIST_FILE = YES;
				IPHONEOS_DEPLOYMENT_TARGET = 16.4;
				MACOSX_DEPLOYMENT_TARGET = 13.3;
				MARKETING_VERSION = 1.0;
				PRODUCT_BUNDLE_IDENTIFIER = "knsn.swift-todoUITests";
				PRODUCT_NAME = "$(TARGET_NAME)";
				SDKROOT = auto;
				SUPPORTED_PLATFORMS = "iphoneos iphonesimulator macosx";
				SWIFT_EMIT_LOC_STRINGS = NO;
				SWIFT_VERSION = 5.0;
				TARGETED_DEVICE_FAMILY = "1,2";
				TEST_TARGET_NAME = "swift-todo";
			};
			name = Debug;
		};
		65EC30FE2A48CEDC00C73A3E /* Release */ = {
			isa = XCBuildConfiguration;
			buildSettings = {
				ALWAYS_EMBED_SWIFT_STANDARD_LIBRARIES = YES;
				CODE_SIGN_STYLE = Automatic;
				CURRENT_PROJECT_VERSION = 1;
				GENERATE_INFOPLIST_FILE = YES;
				IPHONEOS_DEPLOYMENT_TARGET = 16.4;
				MACOSX_DEPLOYMENT_TARGET = 13.3;
				MARKETING_VERSION = 1.0;
				PRODUCT_BUNDLE_IDENTIFIER = "knsn.swift-todoUITests";
				PRODUCT_NAME = "$(TARGET_NAME)";
				SDKROOT = auto;
				SUPPORTED_PLATFORMS = "iphoneos iphonesimulator macosx";
				SWIFT_EMIT_LOC_STRINGS = NO;
				SWIFT_VERSION = 5.0;
				TARGETED_DEVICE_FAMILY = "1,2";
				TEST_TARGET_NAME = "swift-todo";
			};
			name = Release;
		};
/* End XCBuildConfiguration section */

/* Begin XCConfigurationList section */
		65EC30CC2A48CEDB00C73A3E /* Build configuration list for PBXProject "swift-todo" */ = {
			isa = XCConfigurationList;
			buildConfigurations = (
				65EC30F42A48CEDC00C73A3E /* Debug */,
				65EC30F52A48CEDC00C73A3E /* Release */,
			);
			defaultConfigurationIsVisible = 0;
			defaultConfigurationName = Release;
		};
		65EC30F62A48CEDC00C73A3E /* Build configuration list for PBXNativeTarget "swift-todo" */ = {
			isa = XCConfigurationList;
			buildConfigurations = (
				65EC30F72A48CEDC00C73A3E /* Debug */,
				65EC30F82A48CEDC00C73A3E /* Release */,
			);
			defaultConfigurationIsVisible = 0;
			defaultConfigurationName = Release;
		};
		65EC30F92A48CEDC00C73A3E /* Build configuration list for PBXNativeTarget "swift-todoTests" */ = {
			isa = XCConfigurationList;
			buildConfigurations = (
				65EC30FA2A48CEDC00C73A3E /* Debug */,
				65EC30FB2A48CEDC00C73A3E /* Release */,
			);
			defaultConfigurationIsVisible = 0;
			defaultConfigurationName = Release;
		};
		65EC30FC2A48CEDC00C73A3E /* Build configuration list for PBXNativeTarget "swift-todoUITests" */ = {
			isa = XCConfigurationList;
			buildConfigurations = (
				65EC30FD2A48CEDC00C73A3E /* Debug */,
				65EC30FE2A48CEDC00C73A3E /* Release */,
			);
			defaultConfigurationIsVisible = 0;
			defaultConfigurationName = Release;
		};
/* End XCConfigurationList section */
	};
	rootObject = 65EC30C92A48CEDB00C73A3E /* Project object */;
}
